
Microsoft Visual Studio Solution File, Format Version 12.00
# Visual Studio Version 16
VisualStudioVersion = 16.0.30114.105
MinimumVisualStudioVersion = 10.0.40219.1
Project("{FAE04EC0-301F-11D3-BF4B-00C04F79EFBC}") = "Egorova 6", "Egorova 6\Egorova 6.csproj", "{BD29EF78-3529-417D-AF2B-5164765F3C3A}"
EndProject
Global
	GlobalSection(SolutionConfigurationPlatforms) = preSolution
		Debug|Any CPU = Debug|Any CPU
		Release|Any CPU = Release|Any CPU
	EndGlobalSection
	GlobalSection(ProjectConfigurationPlatforms) = postSolution
		{BD29EF78-3529-417D-AF2B-5164765F3C3A}.Debug|Any CPU.ActiveCfg = Debug|Any CPU
		{BD29EF78-3529-417D-AF2B-5164765F3C3A}.Debug|Any CPU.Build.0 = Debug|Any CPU
		{BD29EF78-3529-417D-AF2B-5164765F3C3A}.Release|Any CPU.ActiveCfg = Release|Any CPU
		{BD29EF78-3529-417D-AF2B-5164765F3C3A}.Release|Any CPU.Build.0 = Release|Any CPU
	EndGlobalSection
	GlobalSection(SolutionProperties) = preSolution
		HideSolutionNode = FALSE
	EndGlobalSection
	GlobalSection(ExtensibilityGlobals) = postSolution
		SolutionGuid = {E3476FB4-97D7-41C9-8B51-55B9EB2BA482}
	EndGlobalSection
EndGlobal
