
Microsoft Visual Studio Solution File, Format Version 12.00
# Visual Studio Version 16
VisualStudioVersion = 16.0.30114.105
MinimumVisualStudioVersion = 10.0.40219.1
Project("{FAE04EC0-301F-11D3-BF4B-00C04F79EFBC}") = "Egorova 5", "Egorova 5\Egorova 5.csproj", "{84A50D7C-B780-43DE-A8C7-01296A86FA55}"
EndProject
Global
	GlobalSection(SolutionConfigurationPlatforms) = preSolution
		Debug|Any CPU = Debug|Any CPU
		Release|Any CPU = Release|Any CPU
	EndGlobalSection
	GlobalSection(ProjectConfigurationPlatforms) = postSolution
		{84A50D7C-B780-43DE-A8C7-01296A86FA55}.Debug|Any CPU.ActiveCfg = Debug|Any CPU
		{84A50D7C-B780-43DE-A8C7-01296A86FA55}.Debug|Any CPU.Build.0 = Debug|Any CPU
		{84A50D7C-B780-43DE-A8C7-01296A86FA55}.Release|Any CPU.ActiveCfg = Release|Any CPU
		{84A50D7C-B780-43DE-A8C7-01296A86FA55}.Release|Any CPU.Build.0 = Release|Any CPU
	EndGlobalSection
	GlobalSection(SolutionProperties) = preSolution
		HideSolutionNode = FALSE
	EndGlobalSection
	GlobalSection(ExtensibilityGlobals) = postSolution
		SolutionGuid = {7C5C7409-D333-43E3-90A5-D972D8E92326}
	EndGlobalSection
EndGlobal
